
Microsoft Visual Studio Solution File, Format Version 12.00
# Visual Studio Version 16
VisualStudioVersion = 16.0.29318.209
MinimumVisualStudioVersion = 10.0.40219.1
Project("{FAE04EC0-301F-11D3-BF4B-00C04F79EFBC}") = "ColorBot", "ColorBot\ColorBot.csproj", "{91FA68FF-BA7F-4CD8-8759-6A701725EE40}"
EndProject
Global
	GlobalSection(SolutionConfigurationPlatforms) = preSolution
		Debug|Any CPU = Debug|Any CPU
		Release|Any CPU = Release|Any CPU
	EndGlobalSection
	GlobalSection(ProjectConfigurationPlatforms) = postSolution
		{91FA68FF-BA7F-4CD8-8759-6A701725EE40}.Debug|Any CPU.ActiveCfg = Debug|Any CPU
		{91FA68FF-BA7F-4CD8-8759-6A701725EE40}.Debug|Any CPU.Build.0 = Debug|Any CPU
		{91FA68FF-BA7F-4CD8-8759-6A701725EE40}.Release|Any CPU.ActiveCfg = Release|Any CPU
		{91FA68FF-BA7F-4CD8-8759-6A701725EE40}.Release|Any CPU.Build.0 = Release|Any CPU
	EndGlobalSection
	GlobalSection(SolutionProperties) = preSolution
		HideSolutionNode = FALSE
	EndGlobalSection
	GlobalSection(ExtensibilityGlobals) = postSolution
		SolutionGuid = {0061D868-AFD1-4273-836E-94ACE499E0DD}
	EndGlobalSection
EndGlobal
